
Microsoft Visual Studio Solution File, Format Version 12.00
# Visual Studio 15
VisualStudioVersion = 15.0.26730.15
MinimumVisualStudioVersion = 10.0.40219.1
Project("{9A19103F-16F7-4668-BE54-9A1E7A4F7556}") = "Function-1", "Functions\Function-1.csproj", "{3ED97F99-D484-4F4D-B0B1-0E423FCE8071}"
EndProject
Project("{9A19103F-16F7-4668-BE54-9A1E7A4F7556}") = "Function-2", "Function-2\Function-2.csproj", "{2D0949B6-1FB9-462C-A0F3-3890208A92DD}"
EndProject
Project("{9A19103F-16F7-4668-BE54-9A1E7A4F7556}") = "Function-3", "Function-3\Function-3.csproj", "{0E5EFD13-54E2-493A-84CF-961F5261C49C}"
EndProject
Project("{FAE04EC0-301F-11D3-BF4B-00C04F79EFBC}") = "Function-4", "Function-4\Function-4.csproj", "{5F96B4BC-9D64-4022-9989-E7DDD87CEF8B}"
EndProject
Global
	GlobalSection(SolutionConfigurationPlatforms) = preSolution
		Debug|Any CPU = Debug|Any CPU
		Release|Any CPU = Release|Any CPU
	EndGlobalSection
	GlobalSection(ProjectConfigurationPlatforms) = postSolution
		{3ED97F99-D484-4F4D-B0B1-0E423FCE8071}.Debug|Any CPU.ActiveCfg = Debug|Any CPU
		{3ED97F99-D484-4F4D-B0B1-0E423FCE8071}.Debug|Any CPU.Build.0 = Debug|Any CPU
		{3ED97F99-D484-4F4D-B0B1-0E423FCE8071}.Release|Any CPU.ActiveCfg = Release|Any CPU
		{3ED97F99-D484-4F4D-B0B1-0E423FCE8071}.Release|Any CPU.Build.0 = Release|Any CPU
		{2D0949B6-1FB9-462C-A0F3-3890208A92DD}.Debug|Any CPU.ActiveCfg = Debug|Any CPU
		{2D0949B6-1FB9-462C-A0F3-3890208A92DD}.Debug|Any CPU.Build.0 = Debug|Any CPU
		{2D0949B6-1FB9-462C-A0F3-3890208A92DD}.Release|Any CPU.ActiveCfg = Release|Any CPU
		{2D0949B6-1FB9-462C-A0F3-3890208A92DD}.Release|Any CPU.Build.0 = Release|Any CPU
		{0E5EFD13-54E2-493A-84CF-961F5261C49C}.Debug|Any CPU.ActiveCfg = Debug|Any CPU
		{0E5EFD13-54E2-493A-84CF-961F5261C49C}.Debug|Any CPU.Build.0 = Debug|Any CPU
		{0E5EFD13-54E2-493A-84CF-961F5261C49C}.Release|Any CPU.ActiveCfg = Release|Any CPU
		{0E5EFD13-54E2-493A-84CF-961F5261C49C}.Release|Any CPU.Build.0 = Release|Any CPU
		{5F96B4BC-9D64-4022-9989-E7DDD87CEF8B}.Debug|Any CPU.ActiveCfg = Debug|Any CPU
		{5F96B4BC-9D64-4022-9989-E7DDD87CEF8B}.Debug|Any CPU.Build.0 = Debug|Any CPU
		{5F96B4BC-9D64-4022-9989-E7DDD87CEF8B}.Release|Any CPU.ActiveCfg = Release|Any CPU
		{5F96B4BC-9D64-4022-9989-E7DDD87CEF8B}.Release|Any CPU.Build.0 = Release|Any CPU
	EndGlobalSection
	GlobalSection(SolutionProperties) = preSolution
		HideSolutionNode = FALSE
	EndGlobalSection
	GlobalSection(ExtensibilityGlobals) = postSolution
		SolutionGuid = {7C6AC2FF-96DE-4510-BFA5-BA851153F319}
	EndGlobalSection
EndGlobal
