
Microsoft Visual Studio Solution File, Format Version 12.00
# Visual Studio 15
VisualStudioVersion = 15.0.26730.15
MinimumVisualStudioVersion = 10.0.40219.1
Project("{FAE04EC0-301F-11D3-BF4B-00C04F79EFBC}") = "Array", "Array\Array.csproj", "{EE3EBB00-BA35-46F6-A57D-A0815E3C05D3}"
EndProject
Global
	GlobalSection(SolutionConfigurationPlatforms) = preSolution
		Debug|Any CPU = Debug|Any CPU
		Release|Any CPU = Release|Any CPU
	EndGlobalSection
	GlobalSection(ProjectConfigurationPlatforms) = postSolution
		{EE3EBB00-BA35-46F6-A57D-A0815E3C05D3}.Debug|Any CPU.ActiveCfg = Debug|Any CPU
		{EE3EBB00-BA35-46F6-A57D-A0815E3C05D3}.Debug|Any CPU.Build.0 = Debug|Any CPU
		{EE3EBB00-BA35-46F6-A57D-A0815E3C05D3}.Release|Any CPU.ActiveCfg = Release|Any CPU
		{EE3EBB00-BA35-46F6-A57D-A0815E3C05D3}.Release|Any CPU.Build.0 = Release|Any CPU
	EndGlobalSection
	GlobalSection(SolutionProperties) = preSolution
		HideSolutionNode = FALSE
	EndGlobalSection
	GlobalSection(ExtensibilityGlobals) = postSolution
		SolutionGuid = {3D9D6887-0313-4BB6-84B0-E2CB2497887C}
	EndGlobalSection
EndGlobal
